// !$*UTF8*$!
{
	archiveVersion = 1;
	classes = {
	};
	objectVersion = 50;
	objects = {

/* Begin PBXBuildFile section */
		685B528021030D523765F448 /* Pods_uber_developmentTests.framework in Frameworks */ = {isa = PBXBuildFile; fileRef = 3E18AC4FEFF961144CCD9C75 /* Pods_uber_developmentTests.framework */; };
		B32787568001A86B58F190BF /* Pods_uber_developmentUITests.framework in Frameworks */ = {isa = PBXBuildFile; fileRef = A8A21491087B6482B60FB343 /* Pods_uber_developmentUITests.framework */; };
		D849047C22BB241000286BE7 /* ContainerVCViewController.swift in Sources */ = {isa = PBXBuildFile; fileRef = D849047B22BB241000286BE7 /* ContainerVCViewController.swift */; };
		D849047F22BB258500286BE7 /* LeftSidePanelVC.swift in Sources */ = {isa = PBXBuildFile; fileRef = D849047E22BB258500286BE7 /* LeftSidePanelVC.swift */; };
		D849048222BB272100286BE7 /* CenterVCDelegate.swift in Sources */ = {isa = PBXBuildFile; fileRef = D849048122BB272100286BE7 /* CenterVCDelegate.swift */; };
		D8B18F7E2256F5D1006FCB30 /* AppDelegate.swift in Sources */ = {isa = PBXBuildFile; fileRef = D8B18F7D2256F5D1006FCB30 /* AppDelegate.swift */; };
		D8B18F832256F5D1006FCB30 /* Main.storyboard in Resources */ = {isa = PBXBuildFile; fileRef = D8B18F812256F5D1006FCB30 /* Main.storyboard */; };
		D8B18F852256F5D3006FCB30 /* Assets.xcassets in Resources */ = {isa = PBXBuildFile; fileRef = D8B18F842256F5D3006FCB30 /* Assets.xcassets */; };
		D8B18F882256F5D3006FCB30 /* LaunchScreen.storyboard in Resources */ = {isa = PBXBuildFile; fileRef = D8B18F862256F5D3006FCB30 /* LaunchScreen.storyboard */; };
		D8B18F932256F5D3006FCB30 /* uber_developmentTests.swift in Sources */ = {isa = PBXBuildFile; fileRef = D8B18F922256F5D3006FCB30 /* uber_developmentTests.swift */; };
		D8B18F9E2256F5D3006FCB30 /* uber_developmentUITests.swift in Sources */ = {isa = PBXBuildFile; fileRef = D8B18F9D2256F5D3006FCB30 /* uber_developmentUITests.swift */; };
		D8B18FB0225705B4006FCB30 /* PassengerHomeViewController.swift in Sources */ = {isa = PBXBuildFile; fileRef = D8B18FAF225705B4006FCB30 /* PassengerHomeViewController.swift */; };
		D8B18FB52257077B006FCB30 /* ViewExtension.swift in Sources */ = {isa = PBXBuildFile; fileRef = D8B18FB42257077B006FCB30 /* ViewExtension.swift */; };
		D8B18FB722570D00006FCB30 /* GradientView.swift in Sources */ = {isa = PBXBuildFile; fileRef = D8B18FB622570D00006FCB30 /* GradientView.swift */; };
		D8B18FB92257274C006FCB30 /* CircleView.swift in Sources */ = {isa = PBXBuildFile; fileRef = D8B18FB82257274B006FCB30 /* CircleView.swift */; };
		D8B18FBB225729C1006FCB30 /* RoundedButton.swift in Sources */ = {isa = PBXBuildFile; fileRef = D8B18FBA225729C1006FCB30 /* RoundedButton.swift */; };
		D8E9552422C4A40600C6D2FD /* GoogleService-Info.plist in Resources */ = {isa = PBXBuildFile; fileRef = D8E9552322C4A40600C6D2FD /* GoogleService-Info.plist */; };
		D8E9552722C4A6B600C6D2FD /* DataService.swift in Sources */ = {isa = PBXBuildFile; fileRef = D8E9552622C4A6B600C6D2FD /* DataService.swift */; };
		D8E9552A22C4ABB000C6D2FD /* LoginVC.swift in Sources */ = {isa = PBXBuildFile; fileRef = D8E9552922C4ABB000C6D2FD /* LoginVC.swift */; };
		E14FFAC876401A309EC5995B /* Pods_uber_development.framework in Frameworks */ = {isa = PBXBuildFile; fileRef = 91BE09AC35FAEE0B835115B9 /* Pods_uber_development.framework */; };
/* End PBXBuildFile section */

/* Begin PBXContainerItemProxy section */
		D8B18F8F2256F5D3006FCB30 /* PBXContainerItemProxy */ = {
			isa = PBXContainerItemProxy;
			containerPortal = D8B18F722256F5D1006FCB30 /* Project object */;
			proxyType = 1;
			remoteGlobalIDString = D8B18F792256F5D1006FCB30;
			remoteInfo = "uber-development";
		};
		D8B18F9A2256F5D3006FCB30 /* PBXContainerItemProxy */ = {
			isa = PBXContainerItemProxy;
			containerPortal = D8B18F722256F5D1006FCB30 /* Project object */;
			proxyType = 1;
			remoteGlobalIDString = D8B18F792256F5D1006FCB30;
			remoteInfo = "uber-development";
		};
/* End PBXContainerItemProxy section */

/* Begin PBXFileReference section */
		1D24AD88C2D2A011C5F7E2B8 /* Pods-uber-developmentTests.debug.xcconfig */ = {isa = PBXFileReference; includeInIndex = 1; lastKnownFileType = text.xcconfig; name = "Pods-uber-developmentTests.debug.xcconfig"; path = "Pods/Target Support Files/Pods-uber-developmentTests/Pods-uber-developmentTests.debug.xcconfig"; sourceTree = "<group>"; };
		2C59301900AAB513C198ED54 /* Pods-uber-development.release.xcconfig */ = {isa = PBXFileReference; includeInIndex = 1; lastKnownFileType = text.xcconfig; name = "Pods-uber-development.release.xcconfig"; path = "Pods/Target Support Files/Pods-uber-development/Pods-uber-development.release.xcconfig"; sourceTree = "<group>"; };
		3E18AC4FEFF961144CCD9C75 /* Pods_uber_developmentTests.framework */ = {isa = PBXFileReference; explicitFileType = wrapper.framework; includeInIndex = 0; path = Pods_uber_developmentTests.framework; sourceTree = BUILT_PRODUCTS_DIR; };
		4A0EAE76CC635BE29D389FF8 /* Pods-uber-development.debug.xcconfig */ = {isa = PBXFileReference; includeInIndex = 1; lastKnownFileType = text.xcconfig; name = "Pods-uber-development.debug.xcconfig"; path = "Pods/Target Support Files/Pods-uber-development/Pods-uber-development.debug.xcconfig"; sourceTree = "<group>"; };
		7E4E56B9870BFB69E84AF7B3 /* Pods-uber-developmentTests.release.xcconfig */ = {isa = PBXFileReference; includeInIndex = 1; lastKnownFileType = text.xcconfig; name = "Pods-uber-developmentTests.release.xcconfig"; path = "Pods/Target Support Files/Pods-uber-developmentTests/Pods-uber-developmentTests.release.xcconfig"; sourceTree = "<group>"; };
		91BE09AC35FAEE0B835115B9 /* Pods_uber_development.framework */ = {isa = PBXFileReference; explicitFileType = wrapper.framework; includeInIndex = 0; path = Pods_uber_development.framework; sourceTree = BUILT_PRODUCTS_DIR; };
		A8A21491087B6482B60FB343 /* Pods_uber_developmentUITests.framework */ = {isa = PBXFileReference; explicitFileType = wrapper.framework; includeInIndex = 0; path = Pods_uber_developmentUITests.framework; sourceTree = BUILT_PRODUCTS_DIR; };
		C4D530B6CA53C3DA1E6D4C2F /* Pods-uber-developmentUITests.release.xcconfig */ = {isa = PBXFileReference; includeInIndex = 1; lastKnownFileType = text.xcconfig; name = "Pods-uber-developmentUITests.release.xcconfig"; path = "Pods/Target Support Files/Pods-uber-developmentUITests/Pods-uber-developmentUITests.release.xcconfig"; sourceTree = "<group>"; };
		D76F4D551EFD1F3A0D5C7B5E /* Pods-uber-developmentUITests.debug.xcconfig */ = {isa = PBXFileReference; includeInIndex = 1; lastKnownFileType = text.xcconfig; name = "Pods-uber-developmentUITests.debug.xcconfig"; path = "Pods/Target Support Files/Pods-uber-developmentUITests/Pods-uber-developmentUITests.debug.xcconfig"; sourceTree = "<group>"; };
		D849047B22BB241000286BE7 /* ContainerVCViewController.swift */ = {isa = PBXFileReference; lastKnownFileType = sourcecode.swift; path = ContainerVCViewController.swift; sourceTree = "<group>"; };
		D849047E22BB258500286BE7 /* LeftSidePanelVC.swift */ = {isa = PBXFileReference; lastKnownFileType = sourcecode.swift; path = LeftSidePanelVC.swift; sourceTree = "<group>"; };
		D849048122BB272100286BE7 /* CenterVCDelegate.swift */ = {isa = PBXFileReference; lastKnownFileType = sourcecode.swift; path = CenterVCDelegate.swift; sourceTree = "<group>"; };
		D8B18F7A2256F5D1006FCB30 /* uber-development.app */ = {isa = PBXFileReference; explicitFileType = wrapper.application; includeInIndex = 0; path = "uber-development.app"; sourceTree = BUILT_PRODUCTS_DIR; };
		D8B18F7D2256F5D1006FCB30 /* AppDelegate.swift */ = {isa = PBXFileReference; lastKnownFileType = sourcecode.swift; path = AppDelegate.swift; sourceTree = "<group>"; };
		D8B18F822256F5D1006FCB30 /* Base */ = {isa = PBXFileReference; lastKnownFileType = file.storyboard; name = Base; path = Base.lproj/Main.storyboard; sourceTree = "<group>"; };
		D8B18F842256F5D3006FCB30 /* Assets.xcassets */ = {isa = PBXFileReference; lastKnownFileType = folder.assetcatalog; path = Assets.xcassets; sourceTree = "<group>"; };
		D8B18F872256F5D3006FCB30 /* Base */ = {isa = PBXFileReference; lastKnownFileType = file.storyboard; name = Base; path = Base.lproj/LaunchScreen.storyboard; sourceTree = "<group>"; };
		D8B18F892256F5D3006FCB30 /* Info.plist */ = {isa = PBXFileReference; lastKnownFileType = text.plist.xml; path = Info.plist; sourceTree = "<group>"; };
		D8B18F8E2256F5D3006FCB30 /* uber-developmentTests.xctest */ = {isa = PBXFileReference; explicitFileType = wrapper.cfbundle; includeInIndex = 0; path = "uber-developmentTests.xctest"; sourceTree = BUILT_PRODUCTS_DIR; };
		D8B18F922256F5D3006FCB30 /* uber_developmentTests.swift */ = {isa = PBXFileReference; lastKnownFileType = sourcecode.swift; path = uber_developmentTests.swift; sourceTree = "<group>"; };
		D8B18F942256F5D3006FCB30 /* Info.plist */ = {isa = PBXFileReference; lastKnownFileType = text.plist.xml; path = Info.plist; sourceTree = "<group>"; };
		D8B18F992256F5D3006FCB30 /* uber-developmentUITests.xctest */ = {isa = PBXFileReference; explicitFileType = wrapper.cfbundle; includeInIndex = 0; path = "uber-developmentUITests.xctest"; sourceTree = BUILT_PRODUCTS_DIR; };
		D8B18F9D2256F5D3006FCB30 /* uber_developmentUITests.swift */ = {isa = PBXFileReference; lastKnownFileType = sourcecode.swift; path = uber_developmentUITests.swift; sourceTree = "<group>"; };
		D8B18F9F2256F5D3006FCB30 /* Info.plist */ = {isa = PBXFileReference; lastKnownFileType = text.plist.xml; path = Info.plist; sourceTree = "<group>"; };
		D8B18FAF225705B4006FCB30 /* PassengerHomeViewController.swift */ = {isa = PBXFileReference; lastKnownFileType = sourcecode.swift; path = PassengerHomeViewController.swift; sourceTree = "<group>"; };
		D8B18FB42257077B006FCB30 /* ViewExtension.swift */ = {isa = PBXFileReference; lastKnownFileType = sourcecode.swift; path = ViewExtension.swift; sourceTree = "<group>"; };
		D8B18FB622570D00006FCB30 /* GradientView.swift */ = {isa = PBXFileReference; lastKnownFileType = sourcecode.swift; path = GradientView.swift; sourceTree = "<group>"; };
		D8B18FB82257274B006FCB30 /* CircleView.swift */ = {isa = PBXFileReference; lastKnownFileType = sourcecode.swift; path = CircleView.swift; sourceTree = "<group>"; };
		D8B18FBA225729C1006FCB30 /* RoundedButton.swift */ = {isa = PBXFileReference; lastKnownFileType = sourcecode.swift; path = RoundedButton.swift; sourceTree = "<group>"; };
		D8E9552322C4A40600C6D2FD /* GoogleService-Info.plist */ = {isa = PBXFileReference; fileEncoding = 4; lastKnownFileType = text.plist.xml; path = "GoogleService-Info.plist"; sourceTree = "<group>"; };
		D8E9552622C4A6B600C6D2FD /* DataService.swift */ = {isa = PBXFileReference; lastKnownFileType = sourcecode.swift; path = DataService.swift; sourceTree = "<group>"; };
		D8E9552922C4ABB000C6D2FD /* LoginVC.swift */ = {isa = PBXFileReference; lastKnownFileType = sourcecode.swift; path = LoginVC.swift; sourceTree = "<group>"; };
/* End PBXFileReference section */

/* Begin PBXFrameworksBuildPhase section */
		D8B18F772256F5D1006FCB30 /* Frameworks */ = {
			isa = PBXFrameworksBuildPhase;
			buildActionMask = 2147483647;
			files = (
				E14FFAC876401A309EC5995B /* Pods_uber_development.framework in Frameworks */,
			);
			runOnlyForDeploymentPostprocessing = 0;
		};
		D8B18F8B2256F5D3006FCB30 /* Frameworks */ = {
			isa = PBXFrameworksBuildPhase;
			buildActionMask = 2147483647;
			files = (
				685B528021030D523765F448 /* Pods_uber_developmentTests.framework in Frameworks */,
			);
			runOnlyForDeploymentPostprocessing = 0;
		};
		D8B18F962256F5D3006FCB30 /* Frameworks */ = {
			isa = PBXFrameworksBuildPhase;
			buildActionMask = 2147483647;
			files = (
				B32787568001A86B58F190BF /* Pods_uber_developmentUITests.framework in Frameworks */,
			);
			runOnlyForDeploymentPostprocessing = 0;
		};
/* End PBXFrameworksBuildPhase section */

/* Begin PBXGroup section */
		8C04399D1501FD1F2BBDA252 /* Frameworks */ = {
			isa = PBXGroup;
			children = (
				91BE09AC35FAEE0B835115B9 /* Pods_uber_development.framework */,
				3E18AC4FEFF961144CCD9C75 /* Pods_uber_developmentTests.framework */,
				A8A21491087B6482B60FB343 /* Pods_uber_developmentUITests.framework */,
			);
			name = Frameworks;
			sourceTree = "<group>";
		};
		9ECC29253B0BE370CBB16BEE /* Pods */ = {
			isa = PBXGroup;
			children = (
				4A0EAE76CC635BE29D389FF8 /* Pods-uber-development.debug.xcconfig */,
				2C59301900AAB513C198ED54 /* Pods-uber-development.release.xcconfig */,
				1D24AD88C2D2A011C5F7E2B8 /* Pods-uber-developmentTests.debug.xcconfig */,
				7E4E56B9870BFB69E84AF7B3 /* Pods-uber-developmentTests.release.xcconfig */,
				D76F4D551EFD1F3A0D5C7B5E /* Pods-uber-developmentUITests.debug.xcconfig */,
				C4D530B6CA53C3DA1E6D4C2F /* Pods-uber-developmentUITests.release.xcconfig */,
			);
			name = Pods;
			sourceTree = "<group>";
		};
		D849047A22BB23FE00286BE7 /* ContainerVC */ = {
			isa = PBXGroup;
			children = (
				D849047B22BB241000286BE7 /* ContainerVCViewController.swift */,
			);
			path = ContainerVC;
			sourceTree = "<group>";
		};
		D849047D22BB257600286BE7 /* LeftSidePanel */ = {
			isa = PBXGroup;
			children = (
				D849047E22BB258500286BE7 /* LeftSidePanelVC.swift */,
			);
			path = LeftSidePanel;
			sourceTree = "<group>";
		};
		D849048022BB271200286BE7 /* Protocols */ = {
			isa = PBXGroup;
			children = (
				D849048122BB272100286BE7 /* CenterVCDelegate.swift */,
			);
			path = Protocols;
			sourceTree = "<group>";
		};
		D8B18F712256F5D1006FCB30 = {
			isa = PBXGroup;
			children = (
				D8B18F7C2256F5D1006FCB30 /* uber-development */,
				D8B18F912256F5D3006FCB30 /* uber-developmentTests */,
				D8B18F9C2256F5D3006FCB30 /* uber-developmentUITests */,
				D8B18F7B2256F5D1006FCB30 /* Products */,
				9ECC29253B0BE370CBB16BEE /* Pods */,
				8C04399D1501FD1F2BBDA252 /* Frameworks */,
			);
			sourceTree = "<group>";
		};
		D8B18F7B2256F5D1006FCB30 /* Products */ = {
			isa = PBXGroup;
			children = (
				D8B18F7A2256F5D1006FCB30 /* uber-development.app */,
				D8B18F8E2256F5D3006FCB30 /* uber-developmentTests.xctest */,
				D8B18F992256F5D3006FCB30 /* uber-developmentUITests.xctest */,
			);
			name = Products;
			sourceTree = "<group>";
		};
		D8B18F7C2256F5D1006FCB30 /* uber-development */ = {
			isa = PBXGroup;
			children = (
				D849048022BB271200286BE7 /* Protocols */,
				D8B18FB2225706A2006FCB30 /* Utilities */,
				D8B18FB122570677006FCB30 /* Model */,
				D8B18FAC22570544006FCB30 /* Views */,
				D8B18F7D2256F5D1006FCB30 /* AppDelegate.swift */,
				D8B18F842256F5D3006FCB30 /* Assets.xcassets */,
				D8B18F862256F5D3006FCB30 /* LaunchScreen.storyboard */,
				D8B18F892256F5D3006FCB30 /* Info.plist */,
				D8E9552322C4A40600C6D2FD /* GoogleService-Info.plist */,
			);
			path = "uber-development";
			sourceTree = "<group>";
		};
		D8B18F912256F5D3006FCB30 /* uber-developmentTests */ = {
			isa = PBXGroup;
			children = (
				D8B18F922256F5D3006FCB30 /* uber_developmentTests.swift */,
				D8B18F942256F5D3006FCB30 /* Info.plist */,
			);
			path = "uber-developmentTests";
			sourceTree = "<group>";
		};
		D8B18F9C2256F5D3006FCB30 /* uber-developmentUITests */ = {
			isa = PBXGroup;
			children = (
				D8B18F9D2256F5D3006FCB30 /* uber_developmentUITests.swift */,
				D8B18F9F2256F5D3006FCB30 /* Info.plist */,
			);
			path = "uber-developmentUITests";
			sourceTree = "<group>";
		};
		D8B18FAB22570532006FCB30 /* PassengerView */ = {
			isa = PBXGroup;
			children = (
				D8B18FAF225705B4006FCB30 /* PassengerHomeViewController.swift */,
			);
			path = PassengerView;
			sourceTree = "<group>";
		};
		D8B18FAC22570544006FCB30 /* Views */ = {
			isa = PBXGroup;
			children = (
				D8B18FAE2257057E006FCB30 /* Storyboards */,
				D8B18FAD2257054E006FCB30 /* Controller */,
			);
			path = Views;
			sourceTree = "<group>";
		};
		D8B18FAD2257054E006FCB30 /* Controller */ = {
			isa = PBXGroup;
			children = (
				D8E9552822C4AB9D00C6D2FD /* Login */,
				D849047D22BB257600286BE7 /* LeftSidePanel */,
				D849047A22BB23FE00286BE7 /* ContainerVC */,
				D8B18FAB22570532006FCB30 /* PassengerView */,
			);
			path = Controller;
			sourceTree = "<group>";
		};
		D8B18FAE2257057E006FCB30 /* Storyboards */ = {
			isa = PBXGroup;
			children = (
				D8B18F812256F5D1006FCB30 /* Main.storyboard */,
			);
			path = Storyboards;
			sourceTree = "<group>";
		};
		D8B18FB122570677006FCB30 /* Model */ = {
			isa = PBXGroup;
			children = (
			);
			path = Model;
			sourceTree = "<group>";
		};
		D8B18FB2225706A2006FCB30 /* Utilities */ = {
			isa = PBXGroup;
			children = (
				D8E9552522C4A4F100C6D2FD /* Firebase */,
				D8B18FB3225706AC006FCB30 /* Extension */,
				D8B18FB82257274B006FCB30 /* CircleView.swift */,
				D8B18FBA225729C1006FCB30 /* RoundedButton.swift */,
			);
			path = Utilities;
			sourceTree = "<group>";
		};
		D8B18FB3225706AC006FCB30 /* Extension */ = {
			isa = PBXGroup;
			children = (
				D8B18FB42257077B006FCB30 /* ViewExtension.swift */,
				D8B18FB622570D00006FCB30 /* GradientView.swift */,
			);
			path = Extension;
			sourceTree = "<group>";
		};
		D8E9552522C4A4F100C6D2FD /* Firebase */ = {
			isa = PBXGroup;
			children = (
				D8E9552622C4A6B600C6D2FD /* DataService.swift */,
			);
			path = Firebase;
			sourceTree = "<group>";
		};
		D8E9552822C4AB9D00C6D2FD /* Login */ = {
			isa = PBXGroup;
			children = (
				D8E9552922C4ABB000C6D2FD /* LoginVC.swift */,
			);
			path = Login;
			sourceTree = "<group>";
		};
/* End PBXGroup section */

/* Begin PBXNativeTarget section */
		D8B18F792256F5D1006FCB30 /* uber-development */ = {
			isa = PBXNativeTarget;
			buildConfigurationList = D8B18FA22256F5D3006FCB30 /* Build configuration list for PBXNativeTarget "uber-development" */;
			buildPhases = (
				C7877FB02F85192B153F5EB6 /* [CP] Check Pods Manifest.lock */,
				D8B18F762256F5D1006FCB30 /* Sources */,
				D8B18F772256F5D1006FCB30 /* Frameworks */,
				D8B18F782256F5D1006FCB30 /* Resources */,
				C22FFA388CDAE1B1729AF9FD /* [CP] Embed Pods Frameworks */,
			);
			buildRules = (
			);
			dependencies = (
			);
			name = "uber-development";
			productName = "uber-development";
			productReference = D8B18F7A2256F5D1006FCB30 /* uber-development.app */;
			productType = "com.apple.product-type.application";
		};
		D8B18F8D2256F5D3006FCB30 /* uber-developmentTests */ = {
			isa = PBXNativeTarget;
			buildConfigurationList = D8B18FA52256F5D3006FCB30 /* Build configuration list for PBXNativeTarget "uber-developmentTests" */;
			buildPhases = (
				74A7032EEF17718A5D9368EC /* [CP] Check Pods Manifest.lock */,
				D8B18F8A2256F5D3006FCB30 /* Sources */,
				D8B18F8B2256F5D3006FCB30 /* Frameworks */,
				D8B18F8C2256F5D3006FCB30 /* Resources */,
			);
			buildRules = (
			);
			dependencies = (
				D8B18F902256F5D3006FCB30 /* PBXTargetDependency */,
			);
			name = "uber-developmentTests";
			productName = "uber-developmentTests";
			productReference = D8B18F8E2256F5D3006FCB30 /* uber-developmentTests.xctest */;
			productType = "com.apple.product-type.bundle.unit-test";
		};
		D8B18F982256F5D3006FCB30 /* uber-developmentUITests */ = {
			isa = PBXNativeTarget;
			buildConfigurationList = D8B18FA82256F5D3006FCB30 /* Build configuration list for PBXNativeTarget "uber-developmentUITests" */;
			buildPhases = (
				E41F2C58846D8DE3C7BD078E /* [CP] Check Pods Manifest.lock */,
				D8B18F952256F5D3006FCB30 /* Sources */,
				D8B18F962256F5D3006FCB30 /* Frameworks */,
				D8B18F972256F5D3006FCB30 /* Resources */,
			);
			buildRules = (
			);
			dependencies = (
				D8B18F9B2256F5D3006FCB30 /* PBXTargetDependency */,
			);
			name = "uber-developmentUITests";
			productName = "uber-developmentUITests";
			productReference = D8B18F992256F5D3006FCB30 /* uber-developmentUITests.xctest */;
			productType = "com.apple.product-type.bundle.ui-testing";
		};
/* End PBXNativeTarget section */

/* Begin PBXProject section */
		D8B18F722256F5D1006FCB30 /* Project object */ = {
			isa = PBXProject;
			attributes = {
				LastSwiftUpdateCheck = 1020;
				LastUpgradeCheck = 1020;
				ORGANIZATIONNAME = Nathan;
				TargetAttributes = {
					D8B18F792256F5D1006FCB30 = {
						CreatedOnToolsVersion = 10.2;
					};
					D8B18F8D2256F5D3006FCB30 = {
						CreatedOnToolsVersion = 10.2;
						TestTargetID = D8B18F792256F5D1006FCB30;
					};
					D8B18F982256F5D3006FCB30 = {
						CreatedOnToolsVersion = 10.2;
						TestTargetID = D8B18F792256F5D1006FCB30;
					};
				};
			};
			buildConfigurationList = D8B18F752256F5D1006FCB30 /* Build configuration list for PBXProject "uber-development" */;
			compatibilityVersion = "Xcode 9.3";
			developmentRegion = en;
			hasScannedForEncodings = 0;
			knownRegions = (
				en,
				Base,
			);
			mainGroup = D8B18F712256F5D1006FCB30;
			productRefGroup = D8B18F7B2256F5D1006FCB30 /* Products */;
			projectDirPath = "";
			projectRoot = "";
			targets = (
				D8B18F792256F5D1006FCB30 /* uber-development */,
				D8B18F8D2256F5D3006FCB30 /* uber-developmentTests */,
				D8B18F982256F5D3006FCB30 /* uber-developmentUITests */,
			);
		};
/* End PBXProject section */

/* Begin PBXResourcesBuildPhase section */
		D8B18F782256F5D1006FCB30 /* Resources */ = {
			isa = PBXResourcesBuildPhase;
			buildActionMask = 2147483647;
			files = (
				D8B18F882256F5D3006FCB30 /* LaunchScreen.storyboard in Resources */,
				D8E9552422C4A40600C6D2FD /* GoogleService-Info.plist in Resources */,
				D8B18F852256F5D3006FCB30 /* Assets.xcassets in Resources */,
				D8B18F832256F5D1006FCB30 /* Main.storyboard in Resources */,
			);
			runOnlyForDeploymentPostprocessing = 0;
		};
		D8B18F8C2256F5D3006FCB30 /* Resources */ = {
			isa = PBXResourcesBuildPhase;
			buildActionMask = 2147483647;
			files = (
			);
			runOnlyForDeploymentPostprocessing = 0;
		};
		D8B18F972256F5D3006FCB30 /* Resources */ = {
			isa = PBXResourcesBuildPhase;
			buildActionMask = 2147483647;
			files = (
			);
			runOnlyForDeploymentPostprocessing = 0;
		};
/* End PBXResourcesBuildPhase section */

/* Begin PBXShellScriptBuildPhase section */
		74A7032EEF17718A5D9368EC /* [CP] Check Pods Manifest.lock */ = {
			isa = PBXShellScriptBuildPhase;
			buildActionMask = 2147483647;
			files = (
			);
			inputFileListPaths = (
			);
			inputPaths = (
				"${PODS_PODFILE_DIR_PATH}/Podfile.lock",
				"${PODS_ROOT}/Manifest.lock",
			);
			name = "[CP] Check Pods Manifest.lock";
			outputFileListPaths = (
			);
			outputPaths = (
				"$(DERIVED_FILE_DIR)/Pods-uber-developmentTests-checkManifestLockResult.txt",
			);
			runOnlyForDeploymentPostprocessing = 0;
			shellPath = /bin/sh;
			shellScript = "diff \"${PODS_PODFILE_DIR_PATH}/Podfile.lock\" \"${PODS_ROOT}/Manifest.lock\" > /dev/null\nif [ $? != 0 ] ; then\n    # print error to STDERR\n    echo \"error: The sandbox is not in sync with the Podfile.lock. Run 'pod install' or update your CocoaPods installation.\" >&2\n    exit 1\nfi\n# This output is used by Xcode 'outputs' to avoid re-running this script phase.\necho \"SUCCESS\" > \"${SCRIPT_OUTPUT_FILE_0}\"\n";
			showEnvVarsInLog = 0;
		};
		C22FFA388CDAE1B1729AF9FD /* [CP] Embed Pods Frameworks */ = {
			isa = PBXShellScriptBuildPhase;
			buildActionMask = 2147483647;
			files = (
			);
			inputFileListPaths = (
			);
			inputPaths = (
				"${SRCROOT}/Pods/Target Support Files/Pods-uber-development/Pods-uber-development-frameworks.sh",
				"${BUILT_PRODUCTS_DIR}/GTMSessionFetcher/GTMSessionFetcher.framework",
				"${BUILT_PRODUCTS_DIR}/GoogleUtilities/GoogleUtilities.framework",
				"${BUILT_PRODUCTS_DIR}/IQKeyboardManagerSwift/IQKeyboardManagerSwift.framework",
				"${BUILT_PRODUCTS_DIR}/RevealingSplashView/RevealingSplashView.framework",
				"${BUILT_PRODUCTS_DIR}/leveldb-library/leveldb.framework",
				"${BUILT_PRODUCTS_DIR}/nanopb/nanopb.framework",
			);
			name = "[CP] Embed Pods Frameworks";
			outputFileListPaths = (
			);
			outputPaths = (
				"${TARGET_BUILD_DIR}/${FRAMEWORKS_FOLDER_PATH}/GTMSessionFetcher.framework",
				"${TARGET_BUILD_DIR}/${FRAMEWORKS_FOLDER_PATH}/GoogleUtilities.framework",
				"${TARGET_BUILD_DIR}/${FRAMEWORKS_FOLDER_PATH}/IQKeyboardManagerSwift.framework",
				"${TARGET_BUILD_DIR}/${FRAMEWORKS_FOLDER_PATH}/RevealingSplashView.framework",
				"${TARGET_BUILD_DIR}/${FRAMEWORKS_FOLDER_PATH}/leveldb.framework",
				"${TARGET_BUILD_DIR}/${FRAMEWORKS_FOLDER_PATH}/nanopb.framework",
			);
			runOnlyForDeploymentPostprocessing = 0;
			shellPath = /bin/sh;
			shellScript = "\"${SRCROOT}/Pods/Target Support Files/Pods-uber-development/Pods-uber-development-frameworks.sh\"\n";
			showEnvVarsInLog = 0;
		};
		C7877FB02F85192B153F5EB6 /* [CP] Check Pods Manifest.lock */ = {
			isa = PBXShellScriptBuildPhase;
			buildActionMask = 2147483647;
			files = (
			);
			inputFileListPaths = (
			);
			inputPaths = (
				"${PODS_PODFILE_DIR_PATH}/Podfile.lock",
				"${PODS_ROOT}/Manifest.lock",
			);
			name = "[CP] Check Pods Manifest.lock";
			outputFileListPaths = (
			);
			outputPaths = (
				"$(DERIVED_FILE_DIR)/Pods-uber-development-checkManifestLockResult.txt",
			);
			runOnlyForDeploymentPostprocessing = 0;
			shellPath = /bin/sh;
			shellScript = "diff \"${PODS_PODFILE_DIR_PATH}/Podfile.lock\" \"${PODS_ROOT}/Manifest.lock\" > /dev/null\nif [ $? != 0 ] ; then\n    # print error to STDERR\n    echo \"error: The sandbox is not in sync with the Podfile.lock. Run 'pod install' or update your CocoaPods installation.\" >&2\n    exit 1\nfi\n# This output is used by Xcode 'outputs' to avoid re-running this script phase.\necho \"SUCCESS\" > \"${SCRIPT_OUTPUT_FILE_0}\"\n";
			showEnvVarsInLog = 0;
		};
		E41F2C58846D8DE3C7BD078E /* [CP] Check Pods Manifest.lock */ = {
			isa = PBXShellScriptBuildPhase;
			buildActionMask = 2147483647;
			files = (
			);
			inputFileListPaths = (
			);
			inputPaths = (
				"${PODS_PODFILE_DIR_PATH}/Podfile.lock",
				"${PODS_ROOT}/Manifest.lock",
			);
			name = "[CP] Check Pods Manifest.lock";
			outputFileListPaths = (
			);
			outputPaths = (
				"$(DERIVED_FILE_DIR)/Pods-uber-developmentUITests-checkManifestLockResult.txt",
			);
			runOnlyForDeploymentPostprocessing = 0;
			shellPath = /bin/sh;
			shellScript = "diff \"${PODS_PODFILE_DIR_PATH}/Podfile.lock\" \"${PODS_ROOT}/Manifest.lock\" > /dev/null\nif [ $? != 0 ] ; then\n    # print error to STDERR\n    echo \"error: The sandbox is not in sync with the Podfile.lock. Run 'pod install' or update your CocoaPods installation.\" >&2\n    exit 1\nfi\n# This output is used by Xcode 'outputs' to avoid re-running this script phase.\necho \"SUCCESS\" > \"${SCRIPT_OUTPUT_FILE_0}\"\n";
			showEnvVarsInLog = 0;
		};
/* End PBXShellScriptBuildPhase section */

/* Begin PBXSourcesBuildPhase section */
		D8B18F762256F5D1006FCB30 /* Sources */ = {
			isa = PBXSourcesBuildPhase;
			buildActionMask = 2147483647;
			files = (
				D8E9552A22C4ABB000C6D2FD /* LoginVC.swift in Sources */,
				D849048222BB272100286BE7 /* CenterVCDelegate.swift in Sources */,
				D849047C22BB241000286BE7 /* ContainerVCViewController.swift in Sources */,
				D849047F22BB258500286BE7 /* LeftSidePanelVC.swift in Sources */,
				D8B18FB52257077B006FCB30 /* ViewExtension.swift in Sources */,
				D8B18FBB225729C1006FCB30 /* RoundedButton.swift in Sources */,
				D8B18FB92257274C006FCB30 /* CircleView.swift in Sources */,
				D8B18FB0225705B4006FCB30 /* PassengerHomeViewController.swift in Sources */,
				D8B18FB722570D00006FCB30 /* GradientView.swift in Sources */,
				D8B18F7E2256F5D1006FCB30 /* AppDelegate.swift in Sources */,
				D8E9552722C4A6B600C6D2FD /* DataService.swift in Sources */,
			);
			runOnlyForDeploymentPostprocessing = 0;
		};
		D8B18F8A2256F5D3006FCB30 /* Sources */ = {
			isa = PBXSourcesBuildPhase;
			buildActionMask = 2147483647;
			files = (
				D8B18F932256F5D3006FCB30 /* uber_developmentTests.swift in Sources */,
			);
			runOnlyForDeploymentPostprocessing = 0;
		};
		D8B18F952256F5D3006FCB30 /* Sources */ = {
			isa = PBXSourcesBuildPhase;
			buildActionMask = 2147483647;
			files = (
				D8B18F9E2256F5D3006FCB30 /* uber_developmentUITests.swift in Sources */,
			);
			runOnlyForDeploymentPostprocessing = 0;
		};
/* End PBXSourcesBuildPhase section */

/* Begin PBXTargetDependency section */
		D8B18F902256F5D3006FCB30 /* PBXTargetDependency */ = {
			isa = PBXTargetDependency;
			target = D8B18F792256F5D1006FCB30 /* uber-development */;
			targetProxy = D8B18F8F2256F5D3006FCB30 /* PBXContainerItemProxy */;
		};
		D8B18F9B2256F5D3006FCB30 /* PBXTargetDependency */ = {
			isa = PBXTargetDependency;
			target = D8B18F792256F5D1006FCB30 /* uber-development */;
			targetProxy = D8B18F9A2256F5D3006FCB30 /* PBXContainerItemProxy */;
		};
/* End PBXTargetDependency section */

/* Begin PBXVariantGroup section */
		D8B18F812256F5D1006FCB30 /* Main.storyboard */ = {
			isa = PBXVariantGroup;
			children = (
				D8B18F822256F5D1006FCB30 /* Base */,
			);
			name = Main.storyboard;
			sourceTree = "<group>";
		};
		D8B18F862256F5D3006FCB30 /* LaunchScreen.storyboard */ = {
			isa = PBXVariantGroup;
			children = (
				D8B18F872256F5D3006FCB30 /* Base */,
			);
			name = LaunchScreen.storyboard;
			sourceTree = "<group>";
		};
/* End PBXVariantGroup section */

/* Begin XCBuildConfiguration section */
		D8B18FA02256F5D3006FCB30 /* Debug */ = {
			isa = XCBuildConfiguration;
			buildSettings = {
				ALWAYS_SEARCH_USER_PATHS = NO;
				CLANG_ANALYZER_NONNULL = YES;
				CLANG_ANALYZER_NUMBER_OBJECT_CONVERSION = YES_AGGRESSIVE;
				CLANG_CXX_LANGUAGE_STANDARD = "gnu++14";
				CLANG_CXX_LIBRARY = "libc++";
				CLANG_ENABLE_MODULES = YES;
				CLANG_ENABLE_OBJC_ARC = YES;
				CLANG_ENABLE_OBJC_WEAK = YES;
				CLANG_WARN_BLOCK_CAPTURE_AUTORELEASING = YES;
				CLANG_WARN_BOOL_CONVERSION = YES;
				CLANG_WARN_COMMA = YES;
				CLANG_WARN_CONSTANT_CONVERSION = YES;
				CLANG_WARN_DEPRECATED_OBJC_IMPLEMENTATIONS = YES;
				CLANG_WARN_DIRECT_OBJC_ISA_USAGE = YES_ERROR;
				CLANG_WARN_DOCUMENTATION_COMMENTS = YES;
				CLANG_WARN_EMPTY_BODY = YES;
				CLANG_WARN_ENUM_CONVERSION = YES;
				CLANG_WARN_INFINITE_RECURSION = YES;
				CLANG_WARN_INT_CONVERSION = YES;
				CLANG_WARN_NON_LITERAL_NULL_CONVERSION = YES;
				CLANG_WARN_OBJC_IMPLICIT_RETAIN_SELF = YES;
				CLANG_WARN_OBJC_LITERAL_CONVERSION = YES;
				CLANG_WARN_OBJC_ROOT_CLASS = YES_ERROR;
				CLANG_WARN_RANGE_LOOP_ANALYSIS = YES;
				CLANG_WARN_STRICT_PROTOTYPES = YES;
				CLANG_WARN_SUSPICIOUS_MOVE = YES;
				CLANG_WARN_UNGUARDED_AVAILABILITY = YES_AGGRESSIVE;
				CLANG_WARN_UNREACHABLE_CODE = YES;
				CLANG_WARN__DUPLICATE_METHOD_MATCH = YES;
				CODE_SIGN_IDENTITY = "iPhone Developer";
				COPY_PHASE_STRIP = NO;
				DEBUG_INFORMATION_FORMAT = dwarf;
				ENABLE_STRICT_OBJC_MSGSEND = YES;
				ENABLE_TESTABILITY = YES;
				GCC_C_LANGUAGE_STANDARD = gnu11;
				GCC_DYNAMIC_NO_PIC = NO;
				GCC_NO_COMMON_BLOCKS = YES;
				GCC_OPTIMIZATION_LEVEL = 0;
				GCC_PREPROCESSOR_DEFINITIONS = (
					"DEBUG=1",
					"$(inherited)",
				);
				GCC_WARN_64_TO_32_BIT_CONVERSION = YES;
				GCC_WARN_ABOUT_RETURN_TYPE = YES_ERROR;
				GCC_WARN_UNDECLARED_SELECTOR = YES;
				GCC_WARN_UNINITIALIZED_AUTOS = YES_AGGRESSIVE;
				GCC_WARN_UNUSED_FUNCTION = YES;
				GCC_WARN_UNUSED_VARIABLE = YES;
				IPHONEOS_DEPLOYMENT_TARGET = 12.2;
				MTL_ENABLE_DEBUG_INFO = INCLUDE_SOURCE;
				MTL_FAST_MATH = YES;
				ONLY_ACTIVE_ARCH = YES;
				SDKROOT = iphoneos;
				SWIFT_ACTIVE_COMPILATION_CONDITIONS = DEBUG;
				SWIFT_OPTIMIZATION_LEVEL = "-Onone";
			};
			name = Debug;
		};
		D8B18FA12256F5D3006FCB30 /* Release */ = {
			isa = XCBuildConfiguration;
			buildSettings = {
				ALWAYS_SEARCH_USER_PATHS = NO;
				CLANG_ANALYZER_NONNULL = YES;
				CLANG_ANALYZER_NUMBER_OBJECT_CONVERSION = YES_AGGRESSIVE;
				CLANG_CXX_LANGUAGE_STANDARD = "gnu++14";
				CLANG_CXX_LIBRARY = "libc++";
				CLANG_ENABLE_MODULES = YES;
				CLANG_ENABLE_OBJC_ARC = YES;
				CLANG_ENABLE_OBJC_WEAK = YES;
				CLANG_WARN_BLOCK_CAPTURE_AUTORELEASING = YES;
				CLANG_WARN_BOOL_CONVERSION = YES;
				CLANG_WARN_COMMA = YES;
				CLANG_WARN_CONSTANT_CONVERSION = YES;
				CLANG_WARN_DEPRECATED_OBJC_IMPLEMENTATIONS = YES;
				CLANG_WARN_DIRECT_OBJC_ISA_USAGE = YES_ERROR;
				CLANG_WARN_DOCUMENTATION_COMMENTS = YES;
				CLANG_WARN_EMPTY_BODY = YES;
				CLANG_WARN_ENUM_CONVERSION = YES;
				CLANG_WARN_INFINITE_RECURSION = YES;
				CLANG_WARN_INT_CONVERSION = YES;
				CLANG_WARN_NON_LITERAL_NULL_CONVERSION = YES;
				CLANG_WARN_OBJC_IMPLICIT_RETAIN_SELF = YES;
				CLANG_WARN_OBJC_LITERAL_CONVERSION = YES;
				CLANG_WARN_OBJC_ROOT_CLASS = YES_ERROR;
				CLANG_WARN_RANGE_LOOP_ANALYSIS = YES;
				CLANG_WARN_STRICT_PROTOTYPES = YES;
				CLANG_WARN_SUSPICIOUS_MOVE = YES;
				CLANG_WARN_UNGUARDED_AVAILABILITY = YES_AGGRESSIVE;
				CLANG_WARN_UNREACHABLE_CODE = YES;
				CLANG_WARN__DUPLICATE_METHOD_MATCH = YES;
				CODE_SIGN_IDENTITY = "iPhone Developer";
				COPY_PHASE_STRIP = NO;
				DEBUG_INFORMATION_FORMAT = "dwarf-with-dsym";
				ENABLE_NS_ASSERTIONS = NO;
				ENABLE_STRICT_OBJC_MSGSEND = YES;
				GCC_C_LANGUAGE_STANDARD = gnu11;
				GCC_NO_COMMON_BLOCKS = YES;
				GCC_WARN_64_TO_32_BIT_CONVERSION = YES;
				GCC_WARN_ABOUT_RETURN_TYPE = YES_ERROR;
				GCC_WARN_UNDECLARED_SELECTOR = YES;
				GCC_WARN_UNINITIALIZED_AUTOS = YES_AGGRESSIVE;
				GCC_WARN_UNUSED_FUNCTION = YES;
				GCC_WARN_UNUSED_VARIABLE = YES;
				IPHONEOS_DEPLOYMENT_TARGET = 12.2;
				MTL_ENABLE_DEBUG_INFO = NO;
				MTL_FAST_MATH = YES;
				SDKROOT = iphoneos;
				SWIFT_COMPILATION_MODE = wholemodule;
				SWIFT_OPTIMIZATION_LEVEL = "-O";
				VALIDATE_PRODUCT = YES;
			};
			name = Release;
		};
		D8B18FA32256F5D3006FCB30 /* Debug */ = {
			isa = XCBuildConfiguration;
			baseConfigurationReference = 4A0EAE76CC635BE29D389FF8 /* Pods-uber-development.debug.xcconfig */;
			buildSettings = {
				ASSETCATALOG_COMPILER_APPICON_NAME = AppIcon;
				CODE_SIGN_STYLE = Automatic;
				DEVELOPMENT_TEAM = 49422GMX9Z;
				INFOPLIST_FILE = "uber-development/Info.plist";
				LD_RUNPATH_SEARCH_PATHS = (
					"$(inherited)",
					"@executable_path/Frameworks",
				);
				PRODUCT_BUNDLE_IDENTIFIER = "com.njg.uber-development";
				PRODUCT_NAME = "$(TARGET_NAME)";
				SWIFT_VERSION = 5.0;
				TARGETED_DEVICE_FAMILY = "1,2";
			};
			name = Debug;
		};
		D8B18FA42256F5D3006FCB30 /* Release */ = {
			isa = XCBuildConfiguration;
			baseConfigurationReference = 2C59301900AAB513C198ED54 /* Pods-uber-development.release.xcconfig */;
			buildSettings = {
				ASSETCATALOG_COMPILER_APPICON_NAME = AppIcon;
				CODE_SIGN_STYLE = Automatic;
				DEVELOPMENT_TEAM = 49422GMX9Z;
				INFOPLIST_FILE = "uber-development/Info.plist";
				LD_RUNPATH_SEARCH_PATHS = (
					"$(inherited)",
					"@executable_path/Frameworks",
				);
				PRODUCT_BUNDLE_IDENTIFIER = "com.njg.uber-development";
				PRODUCT_NAME = "$(TARGET_NAME)";
				SWIFT_VERSION = 5.0;
				TARGETED_DEVICE_FAMILY = "1,2";
			};
			name = Release;
		};
		D8B18FA62256F5D3006FCB30 /* Debug */ = {
			isa = XCBuildConfiguration;
			baseConfigurationReference = 1D24AD88C2D2A011C5F7E2B8 /* Pods-uber-developmentTests.debug.xcconfig */;
			buildSettings = {
				ALWAYS_EMBED_SWIFT_STANDARD_LIBRARIES = YES;
				BUNDLE_LOADER = "$(TEST_HOST)";
				CODE_SIGN_STYLE = Automatic;
				DEVELOPMENT_TEAM = 49422GMX9Z;
				INFOPLIST_FILE = "uber-developmentTests/Info.plist";
				LD_RUNPATH_SEARCH_PATHS = (
					"$(inherited)",
					"@executable_path/Frameworks",
					"@loader_path/Frameworks",
				);
				PRODUCT_BUNDLE_IDENTIFIER = "com.njg.uber-developmentTests";
				PRODUCT_NAME = "$(TARGET_NAME)";
				SWIFT_VERSION = 5.0;
				TARGETED_DEVICE_FAMILY = "1,2";
				TEST_HOST = "$(BUILT_PRODUCTS_DIR)/uber-development.app/uber-development";
			};
			name = Debug;
		};
		D8B18FA72256F5D3006FCB30 /* Release */ = {
			isa = XCBuildConfiguration;
			baseConfigurationReference = 7E4E56B9870BFB69E84AF7B3 /* Pods-uber-developmentTests.release.xcconfig */;
			buildSettings = {
				ALWAYS_EMBED_SWIFT_STANDARD_LIBRARIES = YES;
				BUNDLE_LOADER = "$(TEST_HOST)";
				CODE_SIGN_STYLE = Automatic;
				DEVELOPMENT_TEAM = 49422GMX9Z;
				INFOPLIST_FILE = "uber-developmentTests/Info.plist";
				LD_RUNPATH_SEARCH_PATHS = (
					"$(inherited)",
					"@executable_path/Frameworks",
					"@loader_path/Frameworks",
				);
				PRODUCT_BUNDLE_IDENTIFIER = "com.njg.uber-developmentTests";
				PRODUCT_NAME = "$(TARGET_NAME)";
				SWIFT_VERSION = 5.0;
				TARGETED_DEVICE_FAMILY = "1,2";
				TEST_HOST = "$(BUILT_PRODUCTS_DIR)/uber-development.app/uber-development";
			};
			name = Release;
		};
		D8B18FA92256F5D3006FCB30 /* Debug */ = {
			isa = XCBuildConfiguration;
			baseConfigurationReference = D76F4D551EFD1F3A0D5C7B5E /* Pods-uber-developmentUITests.debug.xcconfig */;
			buildSettings = {
				ALWAYS_EMBED_SWIFT_STANDARD_LIBRARIES = YES;
				CODE_SIGN_STYLE = Automatic;
				DEVELOPMENT_TEAM = 49422GMX9Z;
				INFOPLIST_FILE = "uber-developmentUITests/Info.plist";
				LD_RUNPATH_SEARCH_PATHS = (
					"$(inherited)",
					"@executable_path/Frameworks",
					"@loader_path/Frameworks",
				);
				PRODUCT_BUNDLE_IDENTIFIER = "com.njg.uber-developmentUITests";
				PRODUCT_NAME = "$(TARGET_NAME)";
				SWIFT_VERSION = 5.0;
				TARGETED_DEVICE_FAMILY = "1,2";
				TEST_TARGET_NAME = "uber-development";
			};
			name = Debug;
		};
		D8B18FAA2256F5D3006FCB30 /* Release */ = {
			isa = XCBuildConfiguration;
			baseConfigurationReference = C4D530B6CA53C3DA1E6D4C2F /* Pods-uber-developmentUITests.release.xcconfig */;
			buildSettings = {
				ALWAYS_EMBED_SWIFT_STANDARD_LIBRARIES = YES;
				CODE_SIGN_STYLE = Automatic;
				DEVELOPMENT_TEAM = 49422GMX9Z;
				INFOPLIST_FILE = "uber-developmentUITests/Info.plist";
				LD_RUNPATH_SEARCH_PATHS = (
					"$(inherited)",
					"@executable_path/Frameworks",
					"@loader_path/Frameworks",
				);
				PRODUCT_BUNDLE_IDENTIFIER = "com.njg.uber-developmentUITests";
				PRODUCT_NAME = "$(TARGET_NAME)";
				SWIFT_VERSION = 5.0;
				TARGETED_DEVICE_FAMILY = "1,2";
				TEST_TARGET_NAME = "uber-development";
			};
			name = Release;
		};
/* End XCBuildConfiguration section */

/* Begin XCConfigurationList section */
		D8B18F752256F5D1006FCB30 /* Build configuration list for PBXProject "uber-development" */ = {
			isa = XCConfigurationList;
			buildConfigurations = (
				D8B18FA02256F5D3006FCB30 /* Debug */,
				D8B18FA12256F5D3006FCB30 /* Release */,
			);
			defaultConfigurationIsVisible = 0;
			defaultConfigurationName = Release;
		};
		D8B18FA22256F5D3006FCB30 /* Build configuration list for PBXNativeTarget "uber-development" */ = {
			isa = XCConfigurationList;
			buildConfigurations = (
				D8B18FA32256F5D3006FCB30 /* Debug */,
				D8B18FA42256F5D3006FCB30 /* Release */,
			);
			defaultConfigurationIsVisible = 0;
			defaultConfigurationName = Release;
		};
		D8B18FA52256F5D3006FCB30 /* Build configuration list for PBXNativeTarget "uber-developmentTests" */ = {
			isa = XCConfigurationList;
			buildConfigurations = (
				D8B18FA62256F5D3006FCB30 /* Debug */,
				D8B18FA72256F5D3006FCB30 /* Release */,
			);
			defaultConfigurationIsVisible = 0;
			defaultConfigurationName = Release;
		};
		D8B18FA82256F5D3006FCB30 /* Build configuration list for PBXNativeTarget "uber-developmentUITests" */ = {
			isa = XCConfigurationList;
			buildConfigurations = (
				D8B18FA92256F5D3006FCB30 /* Debug */,
				D8B18FAA2256F5D3006FCB30 /* Release */,
			);
			defaultConfigurationIsVisible = 0;
			defaultConfigurationName = Release;
		};
/* End XCConfigurationList section */
	};
	rootObject = D8B18F722256F5D1006FCB30 /* Project object */;
}
